
Microsoft Visual Studio Solution File, Format Version 12.00
# Visual Studio Version 17
VisualStudioVersion = 17.10.35122.118
MinimumVisualStudioVersion = 10.0.40219.1
Project("{C9674DCB-5085-4A16-B785-4C70DD1589BD}") = "Demo_rabo", "Demo_rabo\Demo_rabo.dtproj", "{DDECA9EC-2E31-49AA-AF3F-77537746727A}"
EndProject
Global
	GlobalSection(SolutionConfigurationPlatforms) = preSolution
		Development|Default = Development|Default
	EndGlobalSection
	GlobalSection(ProjectConfigurationPlatforms) = postSolution
		{DDECA9EC-2E31-49AA-AF3F-77537746727A}.Development|Default.ActiveCfg = Development
		{DDECA9EC-2E31-49AA-AF3F-77537746727A}.Development|Default.Build.0 = Development
	EndGlobalSection
	GlobalSection(SolutionProperties) = preSolution
		HideSolutionNode = FALSE
	EndGlobalSection
	GlobalSection(ExtensibilityGlobals) = postSolution
		SolutionGuid = {B6F96007-B8AA-48B8-863E-B709EBC93EDB}
	EndGlobalSection
EndGlobal
